
Microsoft Visual Studio Solution File, Format Version 12.00
Project("{FAE04EC0-301F-11D3-BF4B-00C04F79EFBC}") = "Dominio", "Dominio\Dominio.csproj", "{2D067E45-4E82-49D7-809F-730799476627}"
EndProject
Project("{FAE04EC0-301F-11D3-BF4B-00C04F79EFBC}") = "InterfazWeb", "InterfazWeb\InterfazWeb.csproj", "{232173A8-6CBB-43B1-A6D0-6B466B7D90D5}"
EndProject
Project("{FAE04EC0-301F-11D3-BF4B-00C04F79EFBC}") = "Test", "Test\Test.csproj", "{687A33A1-9721-481E-AFE1-E4EB33DE1FC4}"
EndProject
Global
	GlobalSection(SolutionConfigurationPlatforms) = preSolution
		Debug|Any CPU = Debug|Any CPU
		Release|Any CPU = Release|Any CPU
	EndGlobalSection
	GlobalSection(ProjectConfigurationPlatforms) = postSolution
		{2D067E45-4E82-49D7-809F-730799476627}.Debug|Any CPU.ActiveCfg = Debug|Any CPU
		{2D067E45-4E82-49D7-809F-730799476627}.Debug|Any CPU.Build.0 = Debug|Any CPU
		{2D067E45-4E82-49D7-809F-730799476627}.Release|Any CPU.ActiveCfg = Release|Any CPU
		{2D067E45-4E82-49D7-809F-730799476627}.Release|Any CPU.Build.0 = Release|Any CPU
		{232173A8-6CBB-43B1-A6D0-6B466B7D90D5}.Debug|Any CPU.ActiveCfg = Debug|Any CPU
		{232173A8-6CBB-43B1-A6D0-6B466B7D90D5}.Debug|Any CPU.Build.0 = Debug|Any CPU
		{232173A8-6CBB-43B1-A6D0-6B466B7D90D5}.Release|Any CPU.ActiveCfg = Release|Any CPU
		{232173A8-6CBB-43B1-A6D0-6B466B7D90D5}.Release|Any CPU.Build.0 = Release|Any CPU
		{687A33A1-9721-481E-AFE1-E4EB33DE1FC4}.Debug|Any CPU.ActiveCfg = Debug|Any CPU
		{687A33A1-9721-481E-AFE1-E4EB33DE1FC4}.Debug|Any CPU.Build.0 = Debug|Any CPU
		{687A33A1-9721-481E-AFE1-E4EB33DE1FC4}.Release|Any CPU.ActiveCfg = Release|Any CPU
		{687A33A1-9721-481E-AFE1-E4EB33DE1FC4}.Release|Any CPU.Build.0 = Release|Any CPU
	EndGlobalSection
EndGlobal
